Microsoft Visual Studio Solution File, Format Version 11.00
# Visual Studio 2017
Project("{8BC9CEB8-8B4A-11D0-8D11-00A0C91BC942}") = "prog@exe", "prog@exe.vcxproj", "{CA93304C-D491-44C9-9C1A-2AC779910E6D}"
EndProject
Project("{8BC9CEB8-8B4A-11D0-8D11-00A0C91BC942}") = "RUN_TESTS", "RUN_TESTS.vcxproj", "{7DC22637-9AAF-447D-B70E-6B2BCF82A409}"
EndProject
Project("{8BC9CEB8-8B4A-11D0-8D11-00A0C91BC942}") = "REGEN", "REGEN.vcxproj", "{DCFB7A84-7F99-428B-A978-15205FCF686C}"
EndProject
Project("{8BC9CEB8-8B4A-11D0-8D11-00A0C91BC942}") = "RUN_INSTALL", "RUN_INSTALL.vcxproj", "{DF36C29C-E9F6-4057-A90C-3FBE84BA2F39}"
EndProject
Global
	GlobalSection(SolutionConfigurationPlatforms) = preSolution
		debug|x64 = debug|x64
	EndGlobalSection
	GlobalSection(ProjectConfigurationPlatforms) = postSolution
		{DCFB7A84-7F99-428B-A978-15205FCF686C}.debug|x64.ActiveCfg = debug|x64
		{DCFB7A84-7F99-428B-A978-15205FCF686C}.debug|x64.Build.0 = debug|x64
		{CA93304C-D491-44C9-9C1A-2AC779910E6D}.debug|x64.ActiveCfg = debug|x64
		{CA93304C-D491-44C9-9C1A-2AC779910E6D}.debug|x64.Build.0 = debug|x64
		{7DC22637-9AAF-447D-B70E-6B2BCF82A409}.debug|x64.ActiveCfg = debug|x64
		{DF36C29C-E9F6-4057-A90C-3FBE84BA2F39}.debug|x64.ActiveCfg = debug|x64
	EndGlobalSection
	GlobalSection(SolutionProperties) = preSolution
		HideSolutionNode = FALSE
	EndGlobalSection
EndGlobal
